// !$*UTF8*$!
{
	archiveVersion = 1;
	classes = {
	};
	objectVersion = 77;
	objects = {

/* Begin PBXBuildFile section */
		01DFCAFB795C410BDFA9CD94 /* Data+LittleEndian.swift in Sources */ = {isa = PBXBuildFile; fileRef = D0B6817BBF5C7444E214C576 /* Data+LittleEndian.swift */; };
		077CBD82479E702A48705D71 /* LaneSprintView.swift in Sources */ = {isa = PBXBuildFile; fileRef = B020C6FB364845AEDA10CF35 /* LaneSprintView.swift */; };
		08D2A6C2E4E986688979F9B7 /* AppFormatters.swift in Sources */ = {isa = PBXBuildFile; fileRef = 4133491D376DC324CFADA889 /* AppFormatters.swift */; };
		0B73EAB16F5E65317C75C1EB /* StrokeShapeAnalyzer.swift in Sources */ = {isa = PBXBuildFile; fileRef = 28C20B14697D1351E0322AFE /* StrokeShapeAnalyzer.swift */; };
		0D0148CA2A62EBEADCB89032 /* StatusBadge.swift in Sources */ = {isa = PBXBuildFile; fileRef = 91BE27EE27B4CF3364440AB9 /* StatusBadge.swift */; };
		0FE8F6361EE64E6614E9A506 /* ConnectedRowingDashboardSections.swift in Sources */ = {isa = PBXBuildFile; fileRef = 8E4C635B544BBE03F656CBAB /* ConnectedRowingDashboardSections.swift */; };
		16DF7E04B35B897097F3E4E8 /* PM5Parsers.swift in Sources */ = {isa = PBXBuildFile; fileRef = F2F6A2B902A58DF1A4FF5CCA /* PM5Parsers.swift */; };
		1828ACF061887A09602B01DA /* PM5Protocol.swift in Sources */ = {isa = PBXBuildFile; fileRef = DEF0DDBCB17B8616716726B0 /* PM5Protocol.swift */; };
		1AD95601B8064E7ABB0E124B /* PM5ForceCurveAssembler.swift in Sources */ = {isa = PBXBuildFile; fileRef = 67C3BAF7861CAD3A1D542ABC /* PM5ForceCurveAssembler.swift */; };
		1BEC4EFBA359793036439FBB /* StrokeShapeGraphView.swift in Sources */ = {isa = PBXBuildFile; fileRef = 1F15A25325603A93C6A3F3E4 /* StrokeShapeGraphView.swift */; };
		211B1549D049501792764001 /* RowingDashboardView.swift in Sources */ = {isa = PBXBuildFile; fileRef = F4F34610BD1829725D0B183C /* RowingDashboardView.swift */; };
		228902EF195608FA5538741F /* DisconnectedRowingDashboardSections.swift in Sources */ = {isa = PBXBuildFile; fileRef = BB556273504536F68DD597F1 /* DisconnectedRowingDashboardSections.swift */; };
		2C6D3F7BD29ECE5AE8CDD270 /* RootView.swift in Sources */ = {isa = PBXBuildFile; fileRef = 440293EEE74661F0757CB226 /* RootView.swift */; };
		3093FF22B63248553B3FBDDF /* CadenceLockDialView.swift in Sources */ = {isa = PBXBuildFile; fileRef = 3BED361C46B3D49A747E2659 /* CadenceLockDialView.swift */; };
		3293C28FDDE06F47F94660EC /* AppTheme.swift in Sources */ = {isa = PBXBuildFile; fileRef = 3CB89B6728DC51F01C7F9FDC /* AppTheme.swift */; };
		39C04F70379B2066B7C0389F /* Assets.xcassets in Resources */ = {isa = PBXBuildFile; fileRef = 5AFBBD8B7447C538A72A7B9D /* Assets.xcassets */; };
		3C310AC6E0A7C0D329CA2C4E /* PM5BluetoothManager+Peripheral.swift in Sources */ = {isa = PBXBuildFile; fileRef = A0CACAA4AC0EF3E3C229076D /* PM5BluetoothManager+Peripheral.swift */; };
		3C475F7386D7FD79B7439A8F /* MetricTile.swift in Sources */ = {isa = PBXBuildFile; fileRef = F3B568F9D332284F5C2631B8 /* MetricTile.swift */; };
		3E2E97DFD54EDFCA673D4BC0 /* PM5Discovery.swift in Sources */ = {isa = PBXBuildFile; fileRef = A03A9D7042861FC6815352E4 /* PM5Discovery.swift */; };
		50643CC203C0E26F720CDFD7 /* LaneSprintTrackView.swift in Sources */ = {isa = PBXBuildFile; fileRef = 38EFCB501A8C3F4D97D6EB67 /* LaneSprintTrackView.swift */; };
		5720A2FA0EB9966C451D6F30 /* PM5BluetoothManager+Central.swift in Sources */ = {isa = PBXBuildFile; fileRef = AC1E9BAF3AB6F6E407CF4954 /* PM5BluetoothManager+Central.swift */; };
		5A994A9C581820A58CC8DE57 /* PM5DeviceRow.swift in Sources */ = {isa = PBXBuildFile; fileRef = A675868BC79243AE97F82FFD /* PM5DeviceRow.swift */; };
		61EAC525B2C4DC127A591DAD /* CadenceLockView.swift in Sources */ = {isa = PBXBuildFile; fileRef = 58E580F372CC5190AA7D2C87 /* CadenceLockView.swift */; };
		6732C932ED34324C081AF7E8 /* LaunchScreen.storyboard in Resources */ = {isa = PBXBuildFile; fileRef = 686D6D76B62A413FF3650619 /* LaunchScreen.storyboard */; };
		6E56C338963D6835D9F1F9DE /* PowerBar.swift in Sources */ = {isa = PBXBuildFile; fileRef = C5F62E4A64E1605F67DD3379 /* PowerBar.swift */; };
		739FFF5E62B1F9B5FDC5D472 /* StrokeShapeView.swift in Sources */ = {isa = PBXBuildFile; fileRef = B3208EFE6158DDDC3201499E /* StrokeShapeView.swift */; };
		835228C8E761BC931D3C8512 /* PM5CSafeProtocol.swift in Sources */ = {isa = PBXBuildFile; fileRef = DDEE519F247796A8408338FD /* PM5CSafeProtocol.swift */; };
		9B1853ED1FF54B5CEA226AF8 /* BluetoothStateLabel.swift in Sources */ = {isa = PBXBuildFile; fileRef = BE6D443167810A906DD7E458 /* BluetoothStateLabel.swift */; };
		9E7A614DC9D440EB7A577992 /* ForceCurveModels.swift in Sources */ = {isa = PBXBuildFile; fileRef = 902824E304607793546D961E /* ForceCurveModels.swift */; };
		A40F8B012E60060E6447949C /* PM5BluetoothManager.swift in Sources */ = {isa = PBXBuildFile; fileRef = 5F333C0F71556AEAE4D51BAC /* PM5BluetoothManager.swift */; };
		ADB12562564ACE0CFAA46BEB /* PM5CSafeFrameDecoder.swift in Sources */ = {isa = PBXBuildFile; fileRef = C0BCB3FA2E1589D0C0AF6F9B /* PM5CSafeFrameDecoder.swift */; };
		CFAC5222B31A11B110EBCBAA /* PM5BluetoothManager+ForceCurve.swift in Sources */ = {isa = PBXBuildFile; fileRef = 14B0B9941439FC1161C17195 /* PM5BluetoothManager+ForceCurve.swift */; };
		D54E161DCDC95760F8A25008 /* RowingModels.swift in Sources */ = {isa = PBXBuildFile; fileRef = CDCDD32ABD1CE43B7DC93034 /* RowingModels.swift */; };
		DDFD8BE67519F7175EF71238 /* RowerGameCenterApp.swift in Sources */ = {isa = PBXBuildFile; fileRef = CC49E0BE8EA69541273F30FA /* RowerGameCenterApp.swift */; };
		EE089BD6ECC820313011CFC4 /* PanelCard.swift in Sources */ = {isa = PBXBuildFile; fileRef = 463CDEB3CFA37781517CA9E2 /* PanelCard.swift */; };
/* End PBXBuildFile section */

/* Begin PBXFileReference section */
		14B0B9941439FC1161C17195 /* PM5BluetoothManager+ForceCurve.swift */ = {isa = PBXFileReference; lastKnownFileType = sourcecode.swift; path = "PM5BluetoothManager+ForceCurve.swift"; sourceTree = "<group>"; };
		1F15A25325603A93C6A3F3E4 /* StrokeShapeGraphView.swift */ = {isa = PBXFileReference; lastKnownFileType = sourcecode.swift; path = StrokeShapeGraphView.swift; sourceTree = "<group>"; };
		28C20B14697D1351E0322AFE /* StrokeShapeAnalyzer.swift */ = {isa = PBXFileReference; lastKnownFileType = sourcecode.swift; path = StrokeShapeAnalyzer.swift; sourceTree = "<group>"; };
		38EFCB501A8C3F4D97D6EB67 /* LaneSprintTrackView.swift */ = {isa = PBXFileReference; lastKnownFileType = sourcecode.swift; path = LaneSprintTrackView.swift; sourceTree = "<group>"; };
		3BED361C46B3D49A747E2659 /* CadenceLockDialView.swift */ = {isa = PBXFileReference; lastKnownFileType = sourcecode.swift; path = CadenceLockDialView.swift; sourceTree = "<group>"; };
		3CB89B6728DC51F01C7F9FDC /* AppTheme.swift */ = {isa = PBXFileReference; lastKnownFileType = sourcecode.swift; path = AppTheme.swift; sourceTree = "<group>"; };
		4133491D376DC324CFADA889 /* AppFormatters.swift */ = {isa = PBXFileReference; lastKnownFileType = sourcecode.swift; path = AppFormatters.swift; sourceTree = "<group>"; };
		440293EEE74661F0757CB226 /* RootView.swift */ = {isa = PBXFileReference; lastKnownFileType = sourcecode.swift; path = RootView.swift; sourceTree = "<group>"; };
		463CDEB3CFA37781517CA9E2 /* PanelCard.swift */ = {isa = PBXFileReference; lastKnownFileType = sourcecode.swift; path = PanelCard.swift; sourceTree = "<group>"; };
		58E580F372CC5190AA7D2C87 /* CadenceLockView.swift */ = {isa = PBXFileReference; lastKnownFileType = sourcecode.swift; path = CadenceLockView.swift; sourceTree = "<group>"; };
		5AFBBD8B7447C538A72A7B9D /* Assets.xcassets */ = {isa = PBXFileReference; lastKnownFileType = folder.assetcatalog; path = Assets.xcassets; sourceTree = "<group>"; };
		5F333C0F71556AEAE4D51BAC /* PM5BluetoothManager.swift */ = {isa = PBXFileReference; lastKnownFileType = sourcecode.swift; path = PM5BluetoothManager.swift; sourceTree = "<group>"; };
		67C3BAF7861CAD3A1D542ABC /* PM5ForceCurveAssembler.swift */ = {isa = PBXFileReference; lastKnownFileType = sourcecode.swift; path = PM5ForceCurveAssembler.swift; sourceTree = "<group>"; };
		686D6D76B62A413FF3650619 /* LaunchScreen.storyboard */ = {isa = PBXFileReference; lastKnownFileType = file.storyboard; path = LaunchScreen.storyboard; sourceTree = "<group>"; };
		8E4C635B544BBE03F656CBAB /* ConnectedRowingDashboardSections.swift */ = {isa = PBXFileReference; lastKnownFileType = sourcecode.swift; path = ConnectedRowingDashboardSections.swift; sourceTree = "<group>"; };
		902824E304607793546D961E /* ForceCurveModels.swift */ = {isa = PBXFileReference; lastKnownFileType = sourcecode.swift; path = ForceCurveModels.swift; sourceTree = "<group>"; };
		91BE27EE27B4CF3364440AB9 /* StatusBadge.swift */ = {isa = PBXFileReference; lastKnownFileType = sourcecode.swift; path = StatusBadge.swift; sourceTree = "<group>"; };
		A03A9D7042861FC6815352E4 /* PM5Discovery.swift */ = {isa = PBXFileReference; lastKnownFileType = sourcecode.swift; path = PM5Discovery.swift; sourceTree = "<group>"; };
		A0840BCC3F9443B4A852F47E /* Info.plist */ = {isa = PBXFileReference; lastKnownFileType = text.plist; path = Info.plist; sourceTree = "<group>"; };
		A0CACAA4AC0EF3E3C229076D /* PM5BluetoothManager+Peripheral.swift */ = {isa = PBXFileReference; lastKnownFileType = sourcecode.swift; path = "PM5BluetoothManager+Peripheral.swift"; sourceTree = "<group>"; };
		A675868BC79243AE97F82FFD /* PM5DeviceRow.swift */ = {isa = PBXFileReference; lastKnownFileType = sourcecode.swift; path = PM5DeviceRow.swift; sourceTree = "<group>"; };
		A86DA1173A1C0DCB57EB22FE /* RowerGameCenter.app */ = {isa = PBXFileReference; includeInIndex = 0; lastKnownFileType = wrapper.application; path = RowerGameCenter.app; sourceTree = BUILT_PRODUCTS_DIR; };
		AC1E9BAF3AB6F6E407CF4954 /* PM5BluetoothManager+Central.swift */ = {isa = PBXFileReference; lastKnownFileType = sourcecode.swift; path = "PM5BluetoothManager+Central.swift"; sourceTree = "<group>"; };
		B020C6FB364845AEDA10CF35 /* LaneSprintView.swift */ = {isa = PBXFileReference; lastKnownFileType = sourcecode.swift; path = LaneSprintView.swift; sourceTree = "<group>"; };
		B3208EFE6158DDDC3201499E /* StrokeShapeView.swift */ = {isa = PBXFileReference; lastKnownFileType = sourcecode.swift; path = StrokeShapeView.swift; sourceTree = "<group>"; };
		BB556273504536F68DD597F1 /* DisconnectedRowingDashboardSections.swift */ = {isa = PBXFileReference; lastKnownFileType = sourcecode.swift; path = DisconnectedRowingDashboardSections.swift; sourceTree = "<group>"; };
		BE6D443167810A906DD7E458 /* BluetoothStateLabel.swift */ = {isa = PBXFileReference; lastKnownFileType = sourcecode.swift; path = BluetoothStateLabel.swift; sourceTree = "<group>"; };
		C0BCB3FA2E1589D0C0AF6F9B /* PM5CSafeFrameDecoder.swift */ = {isa = PBXFileReference; lastKnownFileType = sourcecode.swift; path = PM5CSafeFrameDecoder.swift; sourceTree = "<group>"; };
		C5F62E4A64E1605F67DD3379 /* PowerBar.swift */ = {isa = PBXFileReference; lastKnownFileType = sourcecode.swift; path = PowerBar.swift; sourceTree = "<group>"; };
		CC49E0BE8EA69541273F30FA /* RowerGameCenterApp.swift */ = {isa = PBXFileReference; lastKnownFileType = sourcecode.swift; path = RowerGameCenterApp.swift; sourceTree = "<group>"; };
		CDCDD32ABD1CE43B7DC93034 /* RowingModels.swift */ = {isa = PBXFileReference; lastKnownFileType = sourcecode.swift; path = RowingModels.swift; sourceTree = "<group>"; };
		D0B6817BBF5C7444E214C576 /* Data+LittleEndian.swift */ = {isa = PBXFileReference; lastKnownFileType = sourcecode.swift; path = "Data+LittleEndian.swift"; sourceTree = "<group>"; };
		DDEE519F247796A8408338FD /* PM5CSafeProtocol.swift */ = {isa = PBXFileReference; lastKnownFileType = sourcecode.swift; path = PM5CSafeProtocol.swift; sourceTree = "<group>"; };
		DEF0DDBCB17B8616716726B0 /* PM5Protocol.swift */ = {isa = PBXFileReference; lastKnownFileType = sourcecode.swift; path = PM5Protocol.swift; sourceTree = "<group>"; };
		F2F6A2B902A58DF1A4FF5CCA /* PM5Parsers.swift */ = {isa = PBXFileReference; lastKnownFileType = sourcecode.swift; path = PM5Parsers.swift; sourceTree = "<group>"; };
		F3B568F9D332284F5C2631B8 /* MetricTile.swift */ = {isa = PBXFileReference; lastKnownFileType = sourcecode.swift; path = MetricTile.swift; sourceTree = "<group>"; };
		F4F34610BD1829725D0B183C /* RowingDashboardView.swift */ = {isa = PBXFileReference; lastKnownFileType = sourcecode.swift; path = RowingDashboardView.swift; sourceTree = "<group>"; };
/* End PBXFileReference section */

/* Begin PBXGroup section */
		067C5D8F81F2A5BF72725BDA /* App */ = {
			isa = PBXGroup;
			children = (
				440293EEE74661F0757CB226 /* RootView.swift */,
				CC49E0BE8EA69541273F30FA /* RowerGameCenterApp.swift */,
			);
			path = App;
			sourceTree = "<group>";
		};
		0AD7ED9EDEE6792F95FCC425 /* RowerGameCenter */ = {
			isa = PBXGroup;
			children = (
				067C5D8F81F2A5BF72725BDA /* App */,
				3C329DCFBDBBF0B9511751FF /* Components */,
				1E6027AB6DDFB3E968DE3C35 /* DesignSystem */,
				D5068E66FF76F84242285341 /* Features */,
				32F9C1C707E7EBA004ACD201 /* Resources */,
				599E42648D5ECFC7ABF316A1 /* Support */,
			);
			path = RowerGameCenter;
			sourceTree = "<group>";
		};
		1E6027AB6DDFB3E968DE3C35 /* DesignSystem */ = {
			isa = PBXGroup;
			children = (
				3CB89B6728DC51F01C7F9FDC /* AppTheme.swift */,
			);
			path = DesignSystem;
			sourceTree = "<group>";
		};
		32F9C1C707E7EBA004ACD201 /* Resources */ = {
			isa = PBXGroup;
			children = (
				5AFBBD8B7447C538A72A7B9D /* Assets.xcassets */,
				686D6D76B62A413FF3650619 /* LaunchScreen.storyboard */,
			);
			path = Resources;
			sourceTree = "<group>";
		};
		3C329DCFBDBBF0B9511751FF /* Components */ = {
			isa = PBXGroup;
			children = (
				F3B568F9D332284F5C2631B8 /* MetricTile.swift */,
				463CDEB3CFA37781517CA9E2 /* PanelCard.swift */,
				C5F62E4A64E1605F67DD3379 /* PowerBar.swift */,
				91BE27EE27B4CF3364440AB9 /* StatusBadge.swift */,
			);
			path = Components;
			sourceTree = "<group>";
		};
		599E42648D5ECFC7ABF316A1 /* Support */ = {
			isa = PBXGroup;
			children = (
				4133491D376DC324CFADA889 /* AppFormatters.swift */,
				BE6D443167810A906DD7E458 /* BluetoothStateLabel.swift */,
				D0B6817BBF5C7444E214C576 /* Data+LittleEndian.swift */,
				A0840BCC3F9443B4A852F47E /* Info.plist */,
			);
			path = Support;
			sourceTree = "<group>";
		};
		688FABAE1FE16F6244440089 /* Rowing */ = {
			isa = PBXGroup;
			children = (
				8E4C635B544BBE03F656CBAB /* ConnectedRowingDashboardSections.swift */,
				BB556273504536F68DD597F1 /* DisconnectedRowingDashboardSections.swift */,
				902824E304607793546D961E /* ForceCurveModels.swift */,
				5F333C0F71556AEAE4D51BAC /* PM5BluetoothManager.swift */,
				AC1E9BAF3AB6F6E407CF4954 /* PM5BluetoothManager+Central.swift */,
				14B0B9941439FC1161C17195 /* PM5BluetoothManager+ForceCurve.swift */,
				A0CACAA4AC0EF3E3C229076D /* PM5BluetoothManager+Peripheral.swift */,
				C0BCB3FA2E1589D0C0AF6F9B /* PM5CSafeFrameDecoder.swift */,
				DDEE519F247796A8408338FD /* PM5CSafeProtocol.swift */,
				A675868BC79243AE97F82FFD /* PM5DeviceRow.swift */,
				A03A9D7042861FC6815352E4 /* PM5Discovery.swift */,
				67C3BAF7861CAD3A1D542ABC /* PM5ForceCurveAssembler.swift */,
				F2F6A2B902A58DF1A4FF5CCA /* PM5Parsers.swift */,
				DEF0DDBCB17B8616716726B0 /* PM5Protocol.swift */,
				F4F34610BD1829725D0B183C /* RowingDashboardView.swift */,
				CDCDD32ABD1CE43B7DC93034 /* RowingModels.swift */,
				28C20B14697D1351E0322AFE /* StrokeShapeAnalyzer.swift */,
			);
			path = Rowing;
			sourceTree = "<group>";
		};
		74120DE9446402B062EE7EC5 = {
			isa = PBXGroup;
			children = (
				0AD7ED9EDEE6792F95FCC425 /* RowerGameCenter */,
				928C7F8D9C2C2F95B59A9B32 /* Products */,
			);
			sourceTree = "<group>";
		};
		928C7F8D9C2C2F95B59A9B32 /* Products */ = {
			isa = PBXGroup;
			children = (
				A86DA1173A1C0DCB57EB22FE /* RowerGameCenter.app */,
			);
			name = Products;
			sourceTree = "<group>";
		};
		AFF3C50FA867EC2D767707E8 /* Games */ = {
			isa = PBXGroup;
			children = (
				3BED361C46B3D49A747E2659 /* CadenceLockDialView.swift */,
				58E580F372CC5190AA7D2C87 /* CadenceLockView.swift */,
				38EFCB501A8C3F4D97D6EB67 /* LaneSprintTrackView.swift */,
				B020C6FB364845AEDA10CF35 /* LaneSprintView.swift */,
				1F15A25325603A93C6A3F3E4 /* StrokeShapeGraphView.swift */,
				B3208EFE6158DDDC3201499E /* StrokeShapeView.swift */,
			);
			path = Games;
			sourceTree = "<group>";
		};
		D5068E66FF76F84242285341 /* Features */ = {
			isa = PBXGroup;
			children = (
				AFF3C50FA867EC2D767707E8 /* Games */,
				688FABAE1FE16F6244440089 /* Rowing */,
			);
			path = Features;
			sourceTree = "<group>";
		};
/* End PBXGroup section */

/* Begin PBXNativeTarget section */
		00E22718A07EB5BE10634749 /* RowerGameCenter */ = {
			isa = PBXNativeTarget;
			buildConfigurationList = DA2D6A5620A2BD7A8A5704AE /* Build configuration list for PBXNativeTarget "RowerGameCenter" */;
			buildPhases = (
				50594A0C4182C4B7BA55379E /* Sources */,
				06268BCBA08921BD6F6AF2BD /* Resources */,
			);
			buildRules = (
			);
			dependencies = (
			);
			name = RowerGameCenter;
			packageProductDependencies = (
			);
			productName = RowerGameCenter;
			productReference = A86DA1173A1C0DCB57EB22FE /* RowerGameCenter.app */;
			productType = "com.apple.product-type.application";
		};
/* End PBXNativeTarget section */

/* Begin PBXProject section */
		0765F48D63F336489E401568 /* Project object */ = {
			isa = PBXProject;
			attributes = {
				BuildIndependentTargetsInParallel = YES;
				LastUpgradeCheck = 1430;
				TargetAttributes = {
					00E22718A07EB5BE10634749 = {
						ProvisioningStyle = Automatic;
					};
				};
			};
			buildConfigurationList = 3B64EC02DEB3F1FF3FECDB15 /* Build configuration list for PBXProject "RowerGameCenter" */;
			developmentRegion = en;
			hasScannedForEncodings = 0;
			knownRegions = (
				Base,
				en,
			);
			mainGroup = 74120DE9446402B062EE7EC5;
			minimizedProjectReferenceProxies = 1;
			preferredProjectObjectVersion = 77;
			productRefGroup = 928C7F8D9C2C2F95B59A9B32 /* Products */;
			projectDirPath = "";
			projectRoot = "";
			targets = (
				00E22718A07EB5BE10634749 /* RowerGameCenter */,
			);
		};
/* End PBXProject section */

/* Begin PBXResourcesBuildPhase section */
		06268BCBA08921BD6F6AF2BD /* Resources */ = {
			isa = PBXResourcesBuildPhase;
			buildActionMask = 2147483647;
			files = (
				39C04F70379B2066B7C0389F /* Assets.xcassets in Resources */,
				6732C932ED34324C081AF7E8 /* LaunchScreen.storyboard in Resources */,
			);
			runOnlyForDeploymentPostprocessing = 0;
		};
/* End PBXResourcesBuildPhase section */

/* Begin PBXSourcesBuildPhase section */
		50594A0C4182C4B7BA55379E /* Sources */ = {
			isa = PBXSourcesBuildPhase;
			buildActionMask = 2147483647;
			files = (
				08D2A6C2E4E986688979F9B7 /* AppFormatters.swift in Sources */,
				3293C28FDDE06F47F94660EC /* AppTheme.swift in Sources */,
				9B1853ED1FF54B5CEA226AF8 /* BluetoothStateLabel.swift in Sources */,
				3093FF22B63248553B3FBDDF /* CadenceLockDialView.swift in Sources */,
				61EAC525B2C4DC127A591DAD /* CadenceLockView.swift in Sources */,
				0FE8F6361EE64E6614E9A506 /* ConnectedRowingDashboardSections.swift in Sources */,
				01DFCAFB795C410BDFA9CD94 /* Data+LittleEndian.swift in Sources */,
				228902EF195608FA5538741F /* DisconnectedRowingDashboardSections.swift in Sources */,
				9E7A614DC9D440EB7A577992 /* ForceCurveModels.swift in Sources */,
				50643CC203C0E26F720CDFD7 /* LaneSprintTrackView.swift in Sources */,
				077CBD82479E702A48705D71 /* LaneSprintView.swift in Sources */,
				3C475F7386D7FD79B7439A8F /* MetricTile.swift in Sources */,
				5720A2FA0EB9966C451D6F30 /* PM5BluetoothManager+Central.swift in Sources */,
				CFAC5222B31A11B110EBCBAA /* PM5BluetoothManager+ForceCurve.swift in Sources */,
				3C310AC6E0A7C0D329CA2C4E /* PM5BluetoothManager+Peripheral.swift in Sources */,
				A40F8B012E60060E6447949C /* PM5BluetoothManager.swift in Sources */,
				ADB12562564ACE0CFAA46BEB /* PM5CSafeFrameDecoder.swift in Sources */,
				835228C8E761BC931D3C8512 /* PM5CSafeProtocol.swift in Sources */,
				5A994A9C581820A58CC8DE57 /* PM5DeviceRow.swift in Sources */,
				3E2E97DFD54EDFCA673D4BC0 /* PM5Discovery.swift in Sources */,
				1AD95601B8064E7ABB0E124B /* PM5ForceCurveAssembler.swift in Sources */,
				16DF7E04B35B897097F3E4E8 /* PM5Parsers.swift in Sources */,
				1828ACF061887A09602B01DA /* PM5Protocol.swift in Sources */,
				EE089BD6ECC820313011CFC4 /* PanelCard.swift in Sources */,
				6E56C338963D6835D9F1F9DE /* PowerBar.swift in Sources */,
				2C6D3F7BD29ECE5AE8CDD270 /* RootView.swift in Sources */,
				DDFD8BE67519F7175EF71238 /* RowerGameCenterApp.swift in Sources */,
				211B1549D049501792764001 /* RowingDashboardView.swift in Sources */,
				D54E161DCDC95760F8A25008 /* RowingModels.swift in Sources */,
				0D0148CA2A62EBEADCB89032 /* StatusBadge.swift in Sources */,
				0B73EAB16F5E65317C75C1EB /* StrokeShapeAnalyzer.swift in Sources */,
				1BEC4EFBA359793036439FBB /* StrokeShapeGraphView.swift in Sources */,
				739FFF5E62B1F9B5FDC5D472 /* StrokeShapeView.swift in Sources */,
			);
			runOnlyForDeploymentPostprocessing = 0;
		};
/* End PBXSourcesBuildPhase section */

/* Begin XCBuildConfiguration section */
		025EB09D85B57BD2E5ECDED6 /* Debug */ = {
			isa = XCBuildConfiguration;
			buildSettings = {
				ASSETCATALOG_COMPILER_APPICON_NAME = AppIcon;
				ASSETCATALOG_COMPILER_GLOBAL_ACCENT_COLOR_NAME = AccentColor;
				CODE_SIGN_IDENTITY = "iPhone Developer";
				CODE_SIGN_STYLE = Automatic;
				INFOPLIST_FILE = RowerGameCenter/Support/Info.plist;
				IPHONEOS_DEPLOYMENT_TARGET = 26.0;
				LD_RUNPATH_SEARCH_PATHS = (
					"$(inherited)",
					"@executable_path/Frameworks",
				);
				PRODUCT_BUNDLE_IDENTIFIER = com.sebastianboehler.rowergamecenter;
				PRODUCT_NAME = RowerGameCenter;
				SDKROOT = iphoneos;
				SUPPORTS_MACCATALYST = NO;
				TARGETED_DEVICE_FAMILY = 1;
			};
			name = Debug;
		};
		545186A01D9CCB59DFEEF2E4 /* Release */ = {
			isa = XCBuildConfiguration;
			buildSettings = {
				ASSETCATALOG_COMPILER_APPICON_NAME = AppIcon;
				ASSETCATALOG_COMPILER_GLOBAL_ACCENT_COLOR_NAME = AccentColor;
				CODE_SIGN_IDENTITY = "iPhone Developer";
				CODE_SIGN_STYLE = Automatic;
				INFOPLIST_FILE = RowerGameCenter/Support/Info.plist;
				IPHONEOS_DEPLOYMENT_TARGET = 26.0;
				LD_RUNPATH_SEARCH_PATHS = (
					"$(inherited)",
					"@executable_path/Frameworks",
				);
				PRODUCT_BUNDLE_IDENTIFIER = com.sebastianboehler.rowergamecenter;
				PRODUCT_NAME = RowerGameCenter;
				SDKROOT = iphoneos;
				SUPPORTS_MACCATALYST = NO;
				TARGETED_DEVICE_FAMILY = 1;
			};
			name = Release;
		};
		676213095B9D042EF0E5E135 /* Debug */ = {
			isa = XCBuildConfiguration;
			buildSettings = {
				ALWAYS_SEARCH_USER_PATHS = NO;
				CLANG_ANALYZER_NONNULL = YES;
				CLANG_ANALYZER_NUMBER_OBJECT_CONVERSION = YES_AGGRESSIVE;
				CLANG_CXX_LANGUAGE_STANDARD = "gnu++14";
				CLANG_CXX_LIBRARY = "libc++";
				CLANG_ENABLE_MODULES = YES;
				CLANG_ENABLE_OBJC_ARC = YES;
				CLANG_ENABLE_OBJC_WEAK = YES;
				CLANG_WARN_BLOCK_CAPTURE_AUTORELEASING = YES;
				CLANG_WARN_BOOL_CONVERSION = YES;
				CLANG_WARN_COMMA = YES;
				CLANG_WARN_CONSTANT_CONVERSION = YES;
				CLANG_WARN_DEPRECATED_OBJC_IMPLEMENTATIONS = YES;
				CLANG_WARN_DIRECT_OBJC_ISA_USAGE = YES_ERROR;
				CLANG_WARN_DOCUMENTATION_COMMENTS = YES;
				CLANG_WARN_EMPTY_BODY = YES;
				CLANG_WARN_ENUM_CONVERSION = YES;
				CLANG_WARN_INFINITE_RECURSION = YES;
				CLANG_WARN_INT_CONVERSION = YES;
				CLANG_WARN_NON_LITERAL_NULL_CONVERSION = YES;
				CLANG_WARN_OBJC_IMPLICIT_RETAIN_SELF = YES;
				CLANG_WARN_OBJC_LITERAL_CONVERSION = YES;
				CLANG_WARN_OBJC_ROOT_CLASS = YES_ERROR;
				CLANG_WARN_QUOTED_INCLUDE_IN_FRAMEWORK_HEADER = YES;
				CLANG_WARN_RANGE_LOOP_ANALYSIS = YES;
				CLANG_WARN_STRICT_PROTOTYPES = YES;
				CLANG_WARN_SUSPICIOUS_MOVE = YES;
				CLANG_WARN_UNGUARDED_AVAILABILITY = YES_AGGRESSIVE;
				CLANG_WARN_UNREACHABLE_CODE = YES;
				CLANG_WARN__DUPLICATE_METHOD_MATCH = YES;
				COPY_PHASE_STRIP = NO;
				CURRENT_PROJECT_VERSION = 1;
				DEBUG_INFORMATION_FORMAT = dwarf;
				ENABLE_STRICT_OBJC_MSGSEND = YES;
				ENABLE_TESTABILITY = YES;
				GCC_C_LANGUAGE_STANDARD = gnu11;
				GCC_DYNAMIC_NO_PIC = NO;
				GCC_NO_COMMON_BLOCKS = YES;
				GCC_OPTIMIZATION_LEVEL = 0;
				GCC_PREPROCESSOR_DEFINITIONS = (
					"$(inherited)",
					"DEBUG=1",
				);
				GCC_WARN_64_TO_32_BIT_CONVERSION = YES;
				GCC_WARN_ABOUT_RETURN_TYPE = YES_ERROR;
				GCC_WARN_UNDECLARED_SELECTOR = YES;
				GCC_WARN_UNINITIALIZED_AUTOS = YES_AGGRESSIVE;
				GCC_WARN_UNUSED_FUNCTION = YES;
				GCC_WARN_UNUSED_VARIABLE = YES;
				MARKETING_VERSION = 1.0.0;
				MTL_ENABLE_DEBUG_INFO = INCLUDE_SOURCE;
				MTL_FAST_MATH = YES;
				ONLY_ACTIVE_ARCH = YES;
				PRODUCT_NAME = "$(TARGET_NAME)";
				SDKROOT = iphoneos;
				SWIFT_ACTIVE_COMPILATION_CONDITIONS = DEBUG;
				SWIFT_OPTIMIZATION_LEVEL = "-Onone";
				SWIFT_VERSION = 6.2;
			};
			name = Debug;
		};
		72B67CE97DBABF1D3EFFC963 /* Release */ = {
			isa = XCBuildConfiguration;
			buildSettings = {
				ALWAYS_SEARCH_USER_PATHS = NO;
				CLANG_ANALYZER_NONNULL = YES;
				CLANG_ANALYZER_NUMBER_OBJECT_CONVERSION = YES_AGGRESSIVE;
				CLANG_CXX_LANGUAGE_STANDARD = "gnu++14";
				CLANG_CXX_LIBRARY = "libc++";
				CLANG_ENABLE_MODULES = YES;
				CLANG_ENABLE_OBJC_ARC = YES;
				CLANG_ENABLE_OBJC_WEAK = YES;
				CLANG_WARN_BLOCK_CAPTURE_AUTORELEASING = YES;
				CLANG_WARN_BOOL_CONVERSION = YES;
				CLANG_WARN_COMMA = YES;
				CLANG_WARN_CONSTANT_CONVERSION = YES;
				CLANG_WARN_DEPRECATED_OBJC_IMPLEMENTATIONS = YES;
				CLANG_WARN_DIRECT_OBJC_ISA_USAGE = YES_ERROR;
				CLANG_WARN_DOCUMENTATION_COMMENTS = YES;
				CLANG_WARN_EMPTY_BODY = YES;
				CLANG_WARN_ENUM_CONVERSION = YES;
				CLANG_WARN_INFINITE_RECURSION = YES;
				CLANG_WARN_INT_CONVERSION = YES;
				CLANG_WARN_NON_LITERAL_NULL_CONVERSION = YES;
				CLANG_WARN_OBJC_IMPLICIT_RETAIN_SELF = YES;
				CLANG_WARN_OBJC_LITERAL_CONVERSION = YES;
				CLANG_WARN_OBJC_ROOT_CLASS = YES_ERROR;
				CLANG_WARN_QUOTED_INCLUDE_IN_FRAMEWORK_HEADER = YES;
				CLANG_WARN_RANGE_LOOP_ANALYSIS = YES;
				CLANG_WARN_STRICT_PROTOTYPES = YES;
				CLANG_WARN_SUSPICIOUS_MOVE = YES;
				CLANG_WARN_UNGUARDED_AVAILABILITY = YES_AGGRESSIVE;
				CLANG_WARN_UNREACHABLE_CODE = YES;
				CLANG_WARN__DUPLICATE_METHOD_MATCH = YES;
				COPY_PHASE_STRIP = NO;
				CURRENT_PROJECT_VERSION = 1;
				DEBUG_INFORMATION_FORMAT = "dwarf-with-dsym";
				ENABLE_NS_ASSERTIONS = NO;
				ENABLE_STRICT_OBJC_MSGSEND = YES;
				GCC_C_LANGUAGE_STANDARD = gnu11;
				GCC_NO_COMMON_BLOCKS = YES;
				GCC_WARN_64_TO_32_BIT_CONVERSION = YES;
				GCC_WARN_ABOUT_RETURN_TYPE = YES_ERROR;
				GCC_WARN_UNDECLARED_SELECTOR = YES;
				GCC_WARN_UNINITIALIZED_AUTOS = YES_AGGRESSIVE;
				GCC_WARN_UNUSED_FUNCTION = YES;
				GCC_WARN_UNUSED_VARIABLE = YES;
				MARKETING_VERSION = 1.0.0;
				MTL_ENABLE_DEBUG_INFO = NO;
				MTL_FAST_MATH = YES;
				PRODUCT_NAME = "$(TARGET_NAME)";
				SDKROOT = iphoneos;
				SWIFT_COMPILATION_MODE = wholemodule;
				SWIFT_OPTIMIZATION_LEVEL = "-O";
				SWIFT_VERSION = 6.2;
			};
			name = Release;
		};
/* End XCBuildConfiguration section */

/* Begin XCConfigurationList section */
		3B64EC02DEB3F1FF3FECDB15 /* Build configuration list for PBXProject "RowerGameCenter" */ = {
			isa = XCConfigurationList;
			buildConfigurations = (
				676213095B9D042EF0E5E135 /* Debug */,
				72B67CE97DBABF1D3EFFC963 /* Release */,
			);
			defaultConfigurationIsVisible = 0;
			defaultConfigurationName = Debug;
		};
		DA2D6A5620A2BD7A8A5704AE /* Build configuration list for PBXNativeTarget "RowerGameCenter" */ = {
			isa = XCConfigurationList;
			buildConfigurations = (
				025EB09D85B57BD2E5ECDED6 /* Debug */,
				545186A01D9CCB59DFEEF2E4 /* Release */,
			);
			defaultConfigurationIsVisible = 0;
			defaultConfigurationName = Debug;
		};
/* End XCConfigurationList section */
	};
	rootObject = 0765F48D63F336489E401568 /* Project object */;
}
